
Microsoft Visual Studio Solution File, Format Version 12.00
# Visual Studio Version 16
VisualStudioVersion = 16.0.29102.190
MinimumVisualStudioVersion = 10.0.40219.1
Project("{FAE04EC0-301F-11D3-BF4B-00C04F79EFBC}") = "FranpetteClient", "FranpetteClient\FranpetteClient.csproj", "{61A17D3E-17E0-4082-8FAF-FD1C007428A0}"
EndProject
Project("{2150E333-8FDC-42A3-9474-1A3956D46DE8}") = "Client", "Client", "{A8D3B58A-EC46-435C-96A7-C46F55FD8BA6}"
EndProject
Project("{2150E333-8FDC-42A3-9474-1A3956D46DE8}") = "Server", "Server", "{55FF9ABF-697E-4A5F-AF9E-D781B5F1139F}"
EndProject
Project("{2150E333-8FDC-42A3-9474-1A3956D46DE8}") = "Commun", "Commun", "{EF9DD96C-53C5-4A02-A085-33B08F10197F}"
EndProject
Global
	GlobalSection(SolutionConfigurationPlatforms) = preSolution
		Debug|Any CPU = Debug|Any CPU
		Release|Any CPU = Release|Any CPU
	EndGlobalSection
	GlobalSection(ProjectConfigurationPlatforms) = postSolution
		{61A17D3E-17E0-4082-8FAF-FD1C007428A0}.Debug|Any CPU.ActiveCfg = Debug|Any CPU
		{61A17D3E-17E0-4082-8FAF-FD1C007428A0}.Debug|Any CPU.Build.0 = Debug|Any CPU
		{61A17D3E-17E0-4082-8FAF-FD1C007428A0}.Release|Any CPU.ActiveCfg = Release|Any CPU
		{61A17D3E-17E0-4082-8FAF-FD1C007428A0}.Release|Any CPU.Build.0 = Release|Any CPU
	EndGlobalSection
	GlobalSection(SolutionProperties) = preSolution
		HideSolutionNode = FALSE
	EndGlobalSection
	GlobalSection(NestedProjects) = preSolution
		{61A17D3E-17E0-4082-8FAF-FD1C007428A0} = {A8D3B58A-EC46-435C-96A7-C46F55FD8BA6}
	EndGlobalSection
	GlobalSection(ExtensibilityGlobals) = postSolution
		SolutionGuid = {4E93AC4E-CB36-4C55-AD3A-D5B5E4F4B4FC}
	EndGlobalSection
EndGlobal
