
Microsoft Visual Studio Solution File, Format Version 12.00
# Visual Studio Version 16
VisualStudioVersion = 16.0.29102.190
MinimumVisualStudioVersion = 10.0.40219.1
Project("{FAE04EC0-301F-11D3-BF4B-00C04F79EFBC}") = "FranpetteClient", "FranpetteClient\FranpetteClient.csproj", "{61A17D3E-17E0-4082-8FAF-FD1C007428A0}"
EndProject
Project("{2150E333-8FDC-42A3-9474-1A3956D46DE8}") = "Client", "Client", "{A8D3B58A-EC46-435C-96A7-C46F55FD8BA6}"
EndProject
Project("{2150E333-8FDC-42A3-9474-1A3956D46DE8}") = "Server", "Server", "{55FF9ABF-697E-4A5F-AF9E-D781B5F1139F}"
EndProject
Project("{2150E333-8FDC-42A3-9474-1A3956D46DE8}") = "Commun", "Commun", "{CB77C7ED-51F6-4CC0-8D5B-B385A23D54B3}"
EndProject
Project("{9A19103F-16F7-4668-BE54-9A1E7A4F7556}") = "FranpetteServer", "FranpetteServer\FranpetteServer.csproj", "{9A146DF1-CAAE-4A5F-AE6D-6BE05C9D043A}"
EndProject
Project("{9A19103F-16F7-4668-BE54-9A1E7A4F7556}") = "FranpetteLib", "FranpetteLib\FranpetteLib.csproj", "{0632BEB6-3912-47D0-B21B-CA8340805A64}"
EndProject
Project("{2150E333-8FDC-42A3-9474-1A3956D46DE8}") = "FApplicationService", "FApplicationService", "{663DCC2F-4FFC-4817-9EB8-9822904CCC72}"
EndProject
Project("{2150E333-8FDC-42A3-9474-1A3956D46DE8}") = "Services", "Services", "{55965F10-FA65-486D-BBC8-729C4C48D8F4}"
EndProject
Project("{9A19103F-16F7-4668-BE54-9A1E7A4F7556}") = "FApplicationService", "FApplicationService\FApplicationService.csproj", "{708977E0-4ADC-406B-9A78-B10B35044FDC}"
EndProject
Project("{2150E333-8FDC-42A3-9474-1A3956D46DE8}") = "NoSession", "NoSession", "{139BA928-661A-47DD-9D40-486C4E810F76}"
EndProject
Project("{9A19103F-16F7-4668-BE54-9A1E7A4F7556}") = "FApplicationServiceNoSession", "FApplicationServiceNoSession\FApplicationServiceNoSession.csproj", "{87675DB6-DE42-47FC-9B6F-A6E85BF70668}"
EndProject
Project("{2150E333-8FDC-42A3-9474-1A3956D46DE8}") = "FUserServices", "FUserServices", "{055C22AD-78EF-48F3-B034-D041E9929219}"
EndProject
Project("{9A19103F-16F7-4668-BE54-9A1E7A4F7556}") = "FranpetteService", "Service\FranpetteService.csproj", "{F17C81F5-6E08-4F4C-9540-EFA6CE5D07AF}"
EndProject
Project("{9A19103F-16F7-4668-BE54-9A1E7A4F7556}") = "FUserService", "FUserService\FUserService.csproj", "{39918613-222F-43A0-9940-725864522812}"
EndProject
Project("{2150E333-8FDC-42A3-9474-1A3956D46DE8}") = "Impls", "Impls", "{5032664E-DFD2-4AFA-A76C-6EA8ABE7A731}"
EndProject
Project("{9A19103F-16F7-4668-BE54-9A1E7A4F7556}") = "FUserServiceNoSession", "FUserServiceOriginal\FUserServiceNoSession.csproj", "{B30474BC-F663-492D-A19C-918711526ED1}"
EndProject
Project("{2150E333-8FDC-42A3-9474-1A3956D46DE8}") = "Modules", "Modules", "{8053D0BA-9CFC-4D44-B2FF-EBD08ED9B94C}"
EndProject
Project("{FAE04EC0-301F-11D3-BF4B-00C04F79EFBC}") = "FranpetteIdentityServer", "FranpetteIdentityServer\FranpetteIdentityServer.csproj", "{E92B62FD-2615-4A2C-84D3-2A8D799182D5}"
EndProject
Project("{FAE04EC0-301F-11D3-BF4B-00C04F79EFBC}") = "FranpetteHealthCheckServer", "FranpetteHealthCheckServer\FranpetteHealthCheckServer.csproj", "{2A43A2BD-1350-437C-A3DC-128B1A78DE72}"
EndProject
Global
	GlobalSection(SolutionConfigurationPlatforms) = preSolution
		Debug|Any CPU = Debug|Any CPU
		Release|Any CPU = Release|Any CPU
	EndGlobalSection
	GlobalSection(ProjectConfigurationPlatforms) = postSolution
		{61A17D3E-17E0-4082-8FAF-FD1C007428A0}.Debug|Any CPU.ActiveCfg = Debug|Any CPU
		{61A17D3E-17E0-4082-8FAF-FD1C007428A0}.Debug|Any CPU.Build.0 = Debug|Any CPU
		{61A17D3E-17E0-4082-8FAF-FD1C007428A0}.Release|Any CPU.ActiveCfg = Release|Any CPU
		{61A17D3E-17E0-4082-8FAF-FD1C007428A0}.Release|Any CPU.Build.0 = Release|Any CPU
		{9A146DF1-CAAE-4A5F-AE6D-6BE05C9D043A}.Debug|Any CPU.ActiveCfg = Debug|Any CPU
		{9A146DF1-CAAE-4A5F-AE6D-6BE05C9D043A}.Debug|Any CPU.Build.0 = Debug|Any CPU
		{9A146DF1-CAAE-4A5F-AE6D-6BE05C9D043A}.Release|Any CPU.ActiveCfg = Release|Any CPU
		{9A146DF1-CAAE-4A5F-AE6D-6BE05C9D043A}.Release|Any CPU.Build.0 = Release|Any CPU
		{0632BEB6-3912-47D0-B21B-CA8340805A64}.Debug|Any CPU.ActiveCfg = Debug|Any CPU
		{0632BEB6-3912-47D0-B21B-CA8340805A64}.Debug|Any CPU.Build.0 = Debug|Any CPU
		{0632BEB6-3912-47D0-B21B-CA8340805A64}.Release|Any CPU.ActiveCfg = Release|Any CPU
		{0632BEB6-3912-47D0-B21B-CA8340805A64}.Release|Any CPU.Build.0 = Release|Any CPU
		{708977E0-4ADC-406B-9A78-B10B35044FDC}.Debug|Any CPU.ActiveCfg = Debug|Any CPU
		{708977E0-4ADC-406B-9A78-B10B35044FDC}.Debug|Any CPU.Build.0 = Debug|Any CPU
		{708977E0-4ADC-406B-9A78-B10B35044FDC}.Release|Any CPU.ActiveCfg = Release|Any CPU
		{708977E0-4ADC-406B-9A78-B10B35044FDC}.Release|Any CPU.Build.0 = Release|Any CPU
		{87675DB6-DE42-47FC-9B6F-A6E85BF70668}.Debug|Any CPU.ActiveCfg = Debug|Any CPU
		{87675DB6-DE42-47FC-9B6F-A6E85BF70668}.Debug|Any CPU.Build.0 = Debug|Any CPU
		{87675DB6-DE42-47FC-9B6F-A6E85BF70668}.Release|Any CPU.ActiveCfg = Release|Any CPU
		{87675DB6-DE42-47FC-9B6F-A6E85BF70668}.Release|Any CPU.Build.0 = Release|Any CPU
		{F17C81F5-6E08-4F4C-9540-EFA6CE5D07AF}.Debug|Any CPU.ActiveCfg = Debug|Any CPU
		{F17C81F5-6E08-4F4C-9540-EFA6CE5D07AF}.Debug|Any CPU.Build.0 = Debug|Any CPU
		{F17C81F5-6E08-4F4C-9540-EFA6CE5D07AF}.Release|Any CPU.ActiveCfg = Release|Any CPU
		{F17C81F5-6E08-4F4C-9540-EFA6CE5D07AF}.Release|Any CPU.Build.0 = Release|Any CPU
		{39918613-222F-43A0-9940-725864522812}.Debug|Any CPU.ActiveCfg = Debug|Any CPU
		{39918613-222F-43A0-9940-725864522812}.Debug|Any CPU.Build.0 = Debug|Any CPU
		{39918613-222F-43A0-9940-725864522812}.Release|Any CPU.ActiveCfg = Release|Any CPU
		{39918613-222F-43A0-9940-725864522812}.Release|Any CPU.Build.0 = Release|Any CPU
		{B30474BC-F663-492D-A19C-918711526ED1}.Debug|Any CPU.ActiveCfg = Debug|Any CPU
		{B30474BC-F663-492D-A19C-918711526ED1}.Debug|Any CPU.Build.0 = Debug|Any CPU
		{B30474BC-F663-492D-A19C-918711526ED1}.Release|Any CPU.ActiveCfg = Release|Any CPU
		{B30474BC-F663-492D-A19C-918711526ED1}.Release|Any CPU.Build.0 = Release|Any CPU
		{E92B62FD-2615-4A2C-84D3-2A8D799182D5}.Debug|Any CPU.ActiveCfg = Debug|Any CPU
		{E92B62FD-2615-4A2C-84D3-2A8D799182D5}.Debug|Any CPU.Build.0 = Debug|Any CPU
		{E92B62FD-2615-4A2C-84D3-2A8D799182D5}.Release|Any CPU.ActiveCfg = Release|Any CPU
		{E92B62FD-2615-4A2C-84D3-2A8D799182D5}.Release|Any CPU.Build.0 = Release|Any CPU
		{2A43A2BD-1350-437C-A3DC-128B1A78DE72}.Debug|Any CPU.ActiveCfg = Debug|Any CPU
		{2A43A2BD-1350-437C-A3DC-128B1A78DE72}.Debug|Any CPU.Build.0 = Debug|Any CPU
		{2A43A2BD-1350-437C-A3DC-128B1A78DE72}.Release|Any CPU.ActiveCfg = Release|Any CPU
		{2A43A2BD-1350-437C-A3DC-128B1A78DE72}.Release|Any CPU.Build.0 = Release|Any CPU
	EndGlobalSection
	GlobalSection(SolutionProperties) = preSolution
		HideSolutionNode = FALSE
	EndGlobalSection
	GlobalSection(NestedProjects) = preSolution
		{61A17D3E-17E0-4082-8FAF-FD1C007428A0} = {A8D3B58A-EC46-435C-96A7-C46F55FD8BA6}
		{9A146DF1-CAAE-4A5F-AE6D-6BE05C9D043A} = {55FF9ABF-697E-4A5F-AF9E-D781B5F1139F}
		{0632BEB6-3912-47D0-B21B-CA8340805A64} = {CB77C7ED-51F6-4CC0-8D5B-B385A23D54B3}
		{663DCC2F-4FFC-4817-9EB8-9822904CCC72} = {55965F10-FA65-486D-BBC8-729C4C48D8F4}
		{55965F10-FA65-486D-BBC8-729C4C48D8F4} = {55FF9ABF-697E-4A5F-AF9E-D781B5F1139F}
		{708977E0-4ADC-406B-9A78-B10B35044FDC} = {663DCC2F-4FFC-4817-9EB8-9822904CCC72}
		{139BA928-661A-47DD-9D40-486C4E810F76} = {663DCC2F-4FFC-4817-9EB8-9822904CCC72}
		{87675DB6-DE42-47FC-9B6F-A6E85BF70668} = {139BA928-661A-47DD-9D40-486C4E810F76}
		{055C22AD-78EF-48F3-B034-D041E9929219} = {55965F10-FA65-486D-BBC8-729C4C48D8F4}
		{F17C81F5-6E08-4F4C-9540-EFA6CE5D07AF} = {55965F10-FA65-486D-BBC8-729C4C48D8F4}
		{39918613-222F-43A0-9940-725864522812} = {055C22AD-78EF-48F3-B034-D041E9929219}
		{5032664E-DFD2-4AFA-A76C-6EA8ABE7A731} = {055C22AD-78EF-48F3-B034-D041E9929219}
		{B30474BC-F663-492D-A19C-918711526ED1} = {5032664E-DFD2-4AFA-A76C-6EA8ABE7A731}
		{8053D0BA-9CFC-4D44-B2FF-EBD08ED9B94C} = {55FF9ABF-697E-4A5F-AF9E-D781B5F1139F}
		{E92B62FD-2615-4A2C-84D3-2A8D799182D5} = {55FF9ABF-697E-4A5F-AF9E-D781B5F1139F}
		{2A43A2BD-1350-437C-A3DC-128B1A78DE72} = {55FF9ABF-697E-4A5F-AF9E-D781B5F1139F}
	EndGlobalSection
	GlobalSection(ExtensibilityGlobals) = postSolution
		SolutionGuid = {4E93AC4E-CB36-4C55-AD3A-D5B5E4F4B4FC}
	EndGlobalSection
EndGlobal
