
Microsoft Visual Studio Solution File, Format Version 12.00
# Visual Studio Version 16
VisualStudioVersion = 16.0.29102.190
MinimumVisualStudioVersion = 10.0.40219.1
Project("{FAE04EC0-301F-11D3-BF4B-00C04F79EFBC}") = "FranpetteClient", "FranpetteClient\FranpetteClient.csproj", "{61A17D3E-17E0-4082-8FAF-FD1C007428A0}"
EndProject
Project("{2150E333-8FDC-42A3-9474-1A3956D46DE8}") = "Client", "Client", "{A8D3B58A-EC46-435C-96A7-C46F55FD8BA6}"
EndProject
Project("{2150E333-8FDC-42A3-9474-1A3956D46DE8}") = "Server", "Server", "{55FF9ABF-697E-4A5F-AF9E-D781B5F1139F}"
EndProject
Project("{2150E333-8FDC-42A3-9474-1A3956D46DE8}") = "Commun", "Commun", "{EF9DD96C-53C5-4A02-A085-33B08F10197F}"
EndProject
Project("{9A19103F-16F7-4668-BE54-9A1E7A4F7556}") = "FranpetteLib", "FranpetteLib\FranpetteLib.csproj", "{4A9F75B0-0964-4469-B618-D751EA2A583A}"
EndProject
Project("{9A19103F-16F7-4668-BE54-9A1E7A4F7556}") = "FranpetteConnectorLib", "FranpetteConnectorLib\FranpetteConnectorLib.csproj", "{C48AEC8B-30FE-4F96-A0D6-77C349DD4066}"
EndProject
Project("{9A19103F-16F7-4668-BE54-9A1E7A4F7556}") = "FranpetteServer", "FranpetteServer\FranpetteServer.csproj", "{9AF9FC78-7F29-49D8-AA50-7FD2AF00C64C}"
EndProject
Project("{2150E333-8FDC-42A3-9474-1A3956D46DE8}") = "HesoConcept", "HesoConcept", "{4E54528E-930F-4EBD-94AF-BA3CE5F1FD98}"
EndProject
Project("{FAE04EC0-301F-11D3-BF4B-00C04F79EFBC}") = "HesoServerTools", "HesoServerTools\HesoServerTools.csproj", "{DA1DC18A-7BB4-4BC9-BD61-BD501D1A59A8}"
EndProject
Global
	GlobalSection(SolutionConfigurationPlatforms) = preSolution
		Debug|Any CPU = Debug|Any CPU
		Release|Any CPU = Release|Any CPU
	EndGlobalSection
	GlobalSection(ProjectConfigurationPlatforms) = postSolution
		{61A17D3E-17E0-4082-8FAF-FD1C007428A0}.Debug|Any CPU.ActiveCfg = Debug|Any CPU
		{61A17D3E-17E0-4082-8FAF-FD1C007428A0}.Debug|Any CPU.Build.0 = Debug|Any CPU
		{61A17D3E-17E0-4082-8FAF-FD1C007428A0}.Release|Any CPU.ActiveCfg = Release|Any CPU
		{61A17D3E-17E0-4082-8FAF-FD1C007428A0}.Release|Any CPU.Build.0 = Release|Any CPU
		{4A9F75B0-0964-4469-B618-D751EA2A583A}.Debug|Any CPU.ActiveCfg = Debug|Any CPU
		{4A9F75B0-0964-4469-B618-D751EA2A583A}.Debug|Any CPU.Build.0 = Debug|Any CPU
		{4A9F75B0-0964-4469-B618-D751EA2A583A}.Release|Any CPU.ActiveCfg = Release|Any CPU
		{4A9F75B0-0964-4469-B618-D751EA2A583A}.Release|Any CPU.Build.0 = Release|Any CPU
		{C48AEC8B-30FE-4F96-A0D6-77C349DD4066}.Debug|Any CPU.ActiveCfg = Debug|Any CPU
		{C48AEC8B-30FE-4F96-A0D6-77C349DD4066}.Debug|Any CPU.Build.0 = Debug|Any CPU
		{C48AEC8B-30FE-4F96-A0D6-77C349DD4066}.Release|Any CPU.ActiveCfg = Release|Any CPU
		{C48AEC8B-30FE-4F96-A0D6-77C349DD4066}.Release|Any CPU.Build.0 = Release|Any CPU
		{9AF9FC78-7F29-49D8-AA50-7FD2AF00C64C}.Debug|Any CPU.ActiveCfg = Debug|Any CPU
		{9AF9FC78-7F29-49D8-AA50-7FD2AF00C64C}.Debug|Any CPU.Build.0 = Debug|Any CPU
		{9AF9FC78-7F29-49D8-AA50-7FD2AF00C64C}.Release|Any CPU.ActiveCfg = Release|Any CPU
		{9AF9FC78-7F29-49D8-AA50-7FD2AF00C64C}.Release|Any CPU.Build.0 = Release|Any CPU
		{DA1DC18A-7BB4-4BC9-BD61-BD501D1A59A8}.Debug|Any CPU.ActiveCfg = Debug|Any CPU
		{DA1DC18A-7BB4-4BC9-BD61-BD501D1A59A8}.Debug|Any CPU.Build.0 = Debug|Any CPU
		{DA1DC18A-7BB4-4BC9-BD61-BD501D1A59A8}.Release|Any CPU.ActiveCfg = Release|Any CPU
		{DA1DC18A-7BB4-4BC9-BD61-BD501D1A59A8}.Release|Any CPU.Build.0 = Release|Any CPU
	EndGlobalSection
	GlobalSection(SolutionProperties) = preSolution
		HideSolutionNode = FALSE
	EndGlobalSection
	GlobalSection(NestedProjects) = preSolution
		{61A17D3E-17E0-4082-8FAF-FD1C007428A0} = {A8D3B58A-EC46-435C-96A7-C46F55FD8BA6}
		{4A9F75B0-0964-4469-B618-D751EA2A583A} = {EF9DD96C-53C5-4A02-A085-33B08F10197F}
		{C48AEC8B-30FE-4F96-A0D6-77C349DD4066} = {EF9DD96C-53C5-4A02-A085-33B08F10197F}
		{9AF9FC78-7F29-49D8-AA50-7FD2AF00C64C} = {55FF9ABF-697E-4A5F-AF9E-D781B5F1139F}
		{DA1DC18A-7BB4-4BC9-BD61-BD501D1A59A8} = {4E54528E-930F-4EBD-94AF-BA3CE5F1FD98}
	EndGlobalSection
	GlobalSection(ExtensibilityGlobals) = postSolution
		SolutionGuid = {4E93AC4E-CB36-4C55-AD3A-D5B5E4F4B4FC}
	EndGlobalSection
EndGlobal
